// !$*UTF8*$!
{
	archiveVersion = 1;
	classes = {
	};
	objectVersion = 50;
	objects = {

/* Begin PBXBuildFile section */
		152AD0A09B3ECE6EFB72E013 /* Pods_water_daysTests.framework in Frameworks */ = {isa = PBXBuildFile; fileRef = 6D34CBAE31A30AB13F01B296 /* Pods_water_daysTests.framework */; };
		5A6DBDC5623BC257592FC1B3 /* Pods_water_days.framework in Frameworks */ = {isa = PBXBuildFile; fileRef = 75738765BB6162C5F19A094F /* Pods_water_days.framework */; };
		6271452305F32A1C1D5A4EFB /* Pods_water_daysUITests.framework in Frameworks */ = {isa = PBXBuildFile; fileRef = 81AD01E6F26475C6A64143C6 /* Pods_water_daysUITests.framework */; };
		9C958E072205A7580020C407 /* AppDelegate.swift in Sources */ = {isa = PBXBuildFile; fileRef = 9C958E062205A7580020C407 /* AppDelegate.swift */; };
		9C958E092205A7580020C407 /* HomeViewController.swift in Sources */ = {isa = PBXBuildFile; fileRef = 9C958E082205A7580020C407 /* HomeViewController.swift */; };
		9C958E0C2205A7580020C407 /* HomeViewController.storyboard in Resources */ = {isa = PBXBuildFile; fileRef = 9C958E0A2205A7580020C407 /* HomeViewController.storyboard */; };
		9C958E0E2205A75C0020C407 /* Assets.xcassets in Resources */ = {isa = PBXBuildFile; fileRef = 9C958E0D2205A75C0020C407 /* Assets.xcassets */; };
		9C958E112205A75C0020C407 /* LaunchScreen.storyboard in Resources */ = {isa = PBXBuildFile; fileRef = 9C958E0F2205A75C0020C407 /* LaunchScreen.storyboard */; };
		9C958E1C2205A75C0020C407 /* water_daysTests.swift in Sources */ = {isa = PBXBuildFile; fileRef = 9C958E1B2205A75C0020C407 /* water_daysTests.swift */; };
		9C958E272205A75C0020C407 /* water_daysUITests.swift in Sources */ = {isa = PBXBuildFile; fileRef = 9C958E262205A75C0020C407 /* water_daysUITests.swift */; };
/* End PBXBuildFile section */

/* Begin PBXContainerItemProxy section */
		9C958E182205A75C0020C407 /* PBXContainerItemProxy */ = {
			isa = PBXContainerItemProxy;
			containerPortal = 9C958DFB2205A7580020C407 /* Project object */;
			proxyType = 1;
			remoteGlobalIDString = 9C958E022205A7580020C407;
			remoteInfo = "water-days";
		};
		9C958E232205A75C0020C407 /* PBXContainerItemProxy */ = {
			isa = PBXContainerItemProxy;
			containerPortal = 9C958DFB2205A7580020C407 /* Project object */;
			proxyType = 1;
			remoteGlobalIDString = 9C958E022205A7580020C407;
			remoteInfo = "water-days";
		};
/* End PBXContainerItemProxy section */

/* Begin PBXFileReference section */
		0AA3D3D61C4002F22A027BFC /* Pods-water-days.debug.xcconfig */ = {isa = PBXFileReference; includeInIndex = 1; lastKnownFileType = text.xcconfig; name = "Pods-water-days.debug.xcconfig"; path = "Target Support Files/Pods-water-days/Pods-water-days.debug.xcconfig"; sourceTree = "<group>"; };
		29EF8BE88CEB641D7A857551 /* Pods-water-daysUITests.debug.xcconfig */ = {isa = PBXFileReference; includeInIndex = 1; lastKnownFileType = text.xcconfig; name = "Pods-water-daysUITests.debug.xcconfig"; path = "Target Support Files/Pods-water-daysUITests/Pods-water-daysUITests.debug.xcconfig"; sourceTree = "<group>"; };
		5809CB9E09880D440C371EF8 /* Pods-water-daysUITests.release.xcconfig */ = {isa = PBXFileReference; includeInIndex = 1; lastKnownFileType = text.xcconfig; name = "Pods-water-daysUITests.release.xcconfig"; path = "Target Support Files/Pods-water-daysUITests/Pods-water-daysUITests.release.xcconfig"; sourceTree = "<group>"; };
		5B8F754065079F7F22C86743 /* Pods-water-daysTests.debug.xcconfig */ = {isa = PBXFileReference; includeInIndex = 1; lastKnownFileType = text.xcconfig; name = "Pods-water-daysTests.debug.xcconfig"; path = "Target Support Files/Pods-water-daysTests/Pods-water-daysTests.debug.xcconfig"; sourceTree = "<group>"; };
		66856C4D0044DC598D2AFCEF /* Pods-water-days.release.xcconfig */ = {isa = PBXFileReference; includeInIndex = 1; lastKnownFileType = text.xcconfig; name = "Pods-water-days.release.xcconfig"; path = "Target Support Files/Pods-water-days/Pods-water-days.release.xcconfig"; sourceTree = "<group>"; };
		6D34CBAE31A30AB13F01B296 /* Pods_water_daysTests.framework */ = {isa = PBXFileReference; explicitFileType = wrapper.framework; includeInIndex = 0; path = Pods_water_daysTests.framework; sourceTree = BUILT_PRODUCTS_DIR; };
		75738765BB6162C5F19A094F /* Pods_water_days.framework */ = {isa = PBXFileReference; explicitFileType = wrapper.framework; includeInIndex = 0; path = Pods_water_days.framework; sourceTree = BUILT_PRODUCTS_DIR; };
		81AD01E6F26475C6A64143C6 /* Pods_water_daysUITests.framework */ = {isa = PBXFileReference; explicitFileType = wrapper.framework; includeInIndex = 0; path = Pods_water_daysUITests.framework; sourceTree = BUILT_PRODUCTS_DIR; };
		9C958E032205A7580020C407 /* water-days.app */ = {isa = PBXFileReference; explicitFileType = wrapper.application; includeInIndex = 0; path = "water-days.app"; sourceTree = BUILT_PRODUCTS_DIR; };
		9C958E062205A7580020C407 /* AppDelegate.swift */ = {isa = PBXFileReference; lastKnownFileType = sourcecode.swift; path = AppDelegate.swift; sourceTree = "<group>"; };
		9C958E082205A7580020C407 /* HomeViewController.swift */ = {isa = PBXFileReference; lastKnownFileType = sourcecode.swift; path = HomeViewController.swift; sourceTree = "<group>"; };
		9C958E0B2205A7580020C407 /* Base */ = {isa = PBXFileReference; lastKnownFileType = file.storyboard; name = Base; path = Base.lproj/HomeViewController.storyboard; sourceTree = "<group>"; };
		9C958E0D2205A75C0020C407 /* Assets.xcassets */ = {isa = PBXFileReference; lastKnownFileType = folder.assetcatalog; path = Assets.xcassets; sourceTree = "<group>"; };
		9C958E102205A75C0020C407 /* Base */ = {isa = PBXFileReference; lastKnownFileType = file.storyboard; name = Base; path = Base.lproj/LaunchScreen.storyboard; sourceTree = "<group>"; };
		9C958E122205A75C0020C407 /* Info.plist */ = {isa = PBXFileReference; lastKnownFileType = text.plist.xml; path = Info.plist; sourceTree = "<group>"; };
		9C958E172205A75C0020C407 /* water-daysTests.xctest */ = {isa = PBXFileReference; explicitFileType = wrapper.cfbundle; includeInIndex = 0; path = "water-daysTests.xctest"; sourceTree = BUILT_PRODUCTS_DIR; };
		9C958E1B2205A75C0020C407 /* water_daysTests.swift */ = {isa = PBXFileReference; lastKnownFileType = sourcecode.swift; path = water_daysTests.swift; sourceTree = "<group>"; };
		9C958E1D2205A75C0020C407 /* Info.plist */ = {isa = PBXFileReference; lastKnownFileType = text.plist.xml; path = Info.plist; sourceTree = "<group>"; };
		9C958E222205A75C0020C407 /* water-daysUITests.xctest */ = {isa = PBXFileReference; explicitFileType = wrapper.cfbundle; includeInIndex = 0; path = "water-daysUITests.xctest"; sourceTree = BUILT_PRODUCTS_DIR; };
		9C958E262205A75C0020C407 /* water_daysUITests.swift */ = {isa = PBXFileReference; lastKnownFileType = sourcecode.swift; path = water_daysUITests.swift; sourceTree = "<group>"; };
		9C958E282205A75C0020C407 /* Info.plist */ = {isa = PBXFileReference; lastKnownFileType = text.plist.xml; path = Info.plist; sourceTree = "<group>"; };
		D39300CD4F23185266D34EE4 /* Pods-water-daysTests.release.xcconfig */ = {isa = PBXFileReference; includeInIndex = 1; lastKnownFileType = text.xcconfig; name = "Pods-water-daysTests.release.xcconfig"; path = "Target Support Files/Pods-water-daysTests/Pods-water-daysTests.release.xcconfig"; sourceTree = "<group>"; };
/* End PBXFileReference section */

/* Begin PBXFrameworksBuildPhase section */
		9C958E002205A7580020C407 /* Frameworks */ = {
			isa = PBXFrameworksBuildPhase;
			buildActionMask = 2147483647;
			files = (
				5A6DBDC5623BC257592FC1B3 /* Pods_water_days.framework in Frameworks */,
			);
			runOnlyForDeploymentPostprocessing = 0;
		};
		9C958E142205A75C0020C407 /* Frameworks */ = {
			isa = PBXFrameworksBuildPhase;
			buildActionMask = 2147483647;
			files = (
				152AD0A09B3ECE6EFB72E013 /* Pods_water_daysTests.framework in Frameworks */,
			);
			runOnlyForDeploymentPostprocessing = 0;
		};
		9C958E1F2205A75C0020C407 /* Frameworks */ = {
			isa = PBXFrameworksBuildPhase;
			buildActionMask = 2147483647;
			files = (
				6271452305F32A1C1D5A4EFB /* Pods_water_daysUITests.framework in Frameworks */,
			);
			runOnlyForDeploymentPostprocessing = 0;
		};
/* End PBXFrameworksBuildPhase section */

/* Begin PBXGroup section */
		6908165C45F712277B09F66C /* Pods */ = {
			isa = PBXGroup;
			children = (
				0AA3D3D61C4002F22A027BFC /* Pods-water-days.debug.xcconfig */,
				66856C4D0044DC598D2AFCEF /* Pods-water-days.release.xcconfig */,
				5B8F754065079F7F22C86743 /* Pods-water-daysTests.debug.xcconfig */,
				D39300CD4F23185266D34EE4 /* Pods-water-daysTests.release.xcconfig */,
				29EF8BE88CEB641D7A857551 /* Pods-water-daysUITests.debug.xcconfig */,
				5809CB9E09880D440C371EF8 /* Pods-water-daysUITests.release.xcconfig */,
			);
			path = Pods;
			sourceTree = "<group>";
		};
		9C958DFA2205A7580020C407 = {
			isa = PBXGroup;
			children = (
				9C958E052205A7580020C407 /* water-days */,
				9C958E1A2205A75C0020C407 /* water-daysTests */,
				9C958E252205A75C0020C407 /* water-daysUITests */,
				9C958E042205A7580020C407 /* Products */,
				6908165C45F712277B09F66C /* Pods */,
				AEF831B69ADEAC9EF05B6AFF /* Frameworks */,
			);
			sourceTree = "<group>";
		};
		9C958E042205A7580020C407 /* Products */ = {
			isa = PBXGroup;
			children = (
				9C958E032205A7580020C407 /* water-days.app */,
				9C958E172205A75C0020C407 /* water-daysTests.xctest */,
				9C958E222205A75C0020C407 /* water-daysUITests.xctest */,
			);
			name = Products;
			sourceTree = "<group>";
		};
		9C958E052205A7580020C407 /* water-days */ = {
			isa = PBXGroup;
			children = (
				9C958E122205A75C0020C407 /* Info.plist */,
				9C958E342206B4130020C407 /* AppDelegate */,
				9C958E382206B4990020C407 /* Classes */,
				9C958E3B2206B4E80020C407 /* Resource */,
				9C958E372206B4790020C407 /* Model */,
				9C958E3A2206B4DA0020C407 /* Util */,
				9C958E352206B43F0020C407 /* Extension */,
				9C958E392206B4B80020C407 /* Support Files */,
			);
			path = "water-days";
			sourceTree = "<group>";
		};
		9C958E1A2205A75C0020C407 /* water-daysTests */ = {
			isa = PBXGroup;
			children = (
				9C958E1B2205A75C0020C407 /* water_daysTests.swift */,
				9C958E1D2205A75C0020C407 /* Info.plist */,
			);
			path = "water-daysTests";
			sourceTree = "<group>";
		};
		9C958E252205A75C0020C407 /* water-daysUITests */ = {
			isa = PBXGroup;
			children = (
				9C958E262205A75C0020C407 /* water_daysUITests.swift */,
				9C958E282205A75C0020C407 /* Info.plist */,
			);
			path = "water-daysUITests";
			sourceTree = "<group>";
		};
		9C958E342206B4130020C407 /* AppDelegate */ = {
			isa = PBXGroup;
			children = (
				9C958E062205A7580020C407 /* AppDelegate.swift */,
			);
			path = AppDelegate;
			sourceTree = "<group>";
		};
		9C958E352206B43F0020C407 /* Extension */ = {
			isa = PBXGroup;
			children = (
			);
			path = Extension;
			sourceTree = "<group>";
		};
		9C958E372206B4790020C407 /* Model */ = {
			isa = PBXGroup;
			children = (
			);
			path = Model;
			sourceTree = "<group>";
		};
		9C958E382206B4990020C407 /* Classes */ = {
			isa = PBXGroup;
			children = (
				9C958E082205A7580020C407 /* HomeViewController.swift */,
			);
			path = Classes;
			sourceTree = "<group>";
		};
		9C958E392206B4B80020C407 /* Support Files */ = {
			isa = PBXGroup;
			children = (
			);
			path = "Support Files";
			sourceTree = "<group>";
		};
		9C958E3A2206B4DA0020C407 /* Util */ = {
			isa = PBXGroup;
			children = (
			);
			path = Util;
			sourceTree = "<group>";
		};
		9C958E3B2206B4E80020C407 /* Resource */ = {
			isa = PBXGroup;
			children = (
				9C958E0D2205A75C0020C407 /* Assets.xcassets */,
				9C958E0A2205A7580020C407 /* HomeViewController.storyboard */,
				9C958E0F2205A75C0020C407 /* LaunchScreen.storyboard */,
			);
			path = Resource;
			sourceTree = "<group>";
		};
		AEF831B69ADEAC9EF05B6AFF /* Frameworks */ = {
			isa = PBXGroup;
			children = (
				75738765BB6162C5F19A094F /* Pods_water_days.framework */,
				6D34CBAE31A30AB13F01B296 /* Pods_water_daysTests.framework */,
				81AD01E6F26475C6A64143C6 /* Pods_water_daysUITests.framework */,
			);
			name = Frameworks;
			sourceTree = "<group>";
		};
/* End PBXGroup section */

/* Begin PBXNativeTarget section */
		9C958E022205A7580020C407 /* water-days */ = {
			isa = PBXNativeTarget;
			buildConfigurationList = 9C958E2B2205A75C0020C407 /* Build configuration list for PBXNativeTarget "water-days" */;
			buildPhases = (
				0327107D725E52381813CA6B /* [CP] Check Pods Manifest.lock */,
				9C958DFF2205A7580020C407 /* Sources */,
				9C958E002205A7580020C407 /* Frameworks */,
				9C958E012205A7580020C407 /* Resources */,
				B60610DD47721F4090487348 /* [CP] Embed Pods Frameworks */,
				9C91E49E2206C3C60021E1BC /* ShellScript */,
			);
			buildRules = (
			);
			dependencies = (
			);
			name = "water-days";
			productName = "water-days";
			productReference = 9C958E032205A7580020C407 /* water-days.app */;
			productType = "com.apple.product-type.application";
		};
		9C958E162205A75C0020C407 /* water-daysTests */ = {
			isa = PBXNativeTarget;
			buildConfigurationList = 9C958E2E2205A75C0020C407 /* Build configuration list for PBXNativeTarget "water-daysTests" */;
			buildPhases = (
				FE2B1A9A90271EA7BB8E38D5 /* [CP] Check Pods Manifest.lock */,
				9C958E132205A75C0020C407 /* Sources */,
				9C958E142205A75C0020C407 /* Frameworks */,
				9C958E152205A75C0020C407 /* Resources */,
			);
			buildRules = (
			);
			dependencies = (
				9C958E192205A75C0020C407 /* PBXTargetDependency */,
			);
			name = "water-daysTests";
			productName = "water-daysTests";
			productReference = 9C958E172205A75C0020C407 /* water-daysTests.xctest */;
			productType = "com.apple.product-type.bundle.unit-test";
		};
		9C958E212205A75C0020C407 /* water-daysUITests */ = {
			isa = PBXNativeTarget;
			buildConfigurationList = 9C958E312205A75C0020C407 /* Build configuration list for PBXNativeTarget "water-daysUITests" */;
			buildPhases = (
				9A4F0C3D12990E56174EDB97 /* [CP] Check Pods Manifest.lock */,
				9C958E1E2205A75C0020C407 /* Sources */,
				9C958E1F2205A75C0020C407 /* Frameworks */,
				9C958E202205A75C0020C407 /* Resources */,
			);
			buildRules = (
			);
			dependencies = (
				9C958E242205A75C0020C407 /* PBXTargetDependency */,
			);
			name = "water-daysUITests";
			productName = "water-daysUITests";
			productReference = 9C958E222205A75C0020C407 /* water-daysUITests.xctest */;
			productType = "com.apple.product-type.bundle.ui-testing";
		};
/* End PBXNativeTarget section */

/* Begin PBXProject section */
		9C958DFB2205A7580020C407 /* Project object */ = {
			isa = PBXProject;
			attributes = {
				LastSwiftUpdateCheck = 1010;
				LastUpgradeCheck = 1010;
				ORGANIZATIONNAME = sekimaki;
				TargetAttributes = {
					9C958E022205A7580020C407 = {
						CreatedOnToolsVersion = 10.1;
					};
					9C958E162205A75C0020C407 = {
						CreatedOnToolsVersion = 10.1;
						TestTargetID = 9C958E022205A7580020C407;
					};
					9C958E212205A75C0020C407 = {
						CreatedOnToolsVersion = 10.1;
						TestTargetID = 9C958E022205A7580020C407;
					};
				};
			};
			buildConfigurationList = 9C958DFE2205A7580020C407 /* Build configuration list for PBXProject "water-days" */;
			compatibilityVersion = "Xcode 9.3";
			developmentRegion = en;
			hasScannedForEncodings = 0;
			knownRegions = (
				en,
				Base,
			);
			mainGroup = 9C958DFA2205A7580020C407;
			productRefGroup = 9C958E042205A7580020C407 /* Products */;
			projectDirPath = "";
			projectRoot = "";
			targets = (
				9C958E022205A7580020C407 /* water-days */,
				9C958E162205A75C0020C407 /* water-daysTests */,
				9C958E212205A75C0020C407 /* water-daysUITests */,
			);
		};
/* End PBXProject section */

/* Begin PBXResourcesBuildPhase section */
		9C958E012205A7580020C407 /* Resources */ = {
			isa = PBXResourcesBuildPhase;
			buildActionMask = 2147483647;
			files = (
				9C958E112205A75C0020C407 /* LaunchScreen.storyboard in Resources */,
				9C958E0E2205A75C0020C407 /* Assets.xcassets in Resources */,
				9C958E0C2205A7580020C407 /* HomeViewController.storyboard in Resources */,
			);
			runOnlyForDeploymentPostprocessing = 0;
		};
		9C958E152205A75C0020C407 /* Resources */ = {
			isa = PBXResourcesBuildPhase;
			buildActionMask = 2147483647;
			files = (
			);
			runOnlyForDeploymentPostprocessing = 0;
		};
		9C958E202205A75C0020C407 /* Resources */ = {
			isa = PBXResourcesBuildPhase;
			buildActionMask = 2147483647;
			files = (
			);
			runOnlyForDeploymentPostprocessing = 0;
		};
/* End PBXResourcesBuildPhase section */

/* Begin PBXShellScriptBuildPhase section */
		0327107D725E52381813CA6B /* [CP] Check Pods Manifest.lock */ = {
			isa = PBXShellScriptBuildPhase;
			buildActionMask = 2147483647;
			files = (
			);
			inputFileListPaths = (
			);
			inputPaths = (
				"${PODS_PODFILE_DIR_PATH}/Podfile.lock",
				"${PODS_ROOT}/Manifest.lock",
			);
			name = "[CP] Check Pods Manifest.lock";
			outputFileListPaths = (
			);
			outputPaths = (
				"$(DERIVED_FILE_DIR)/Pods-water-days-checkManifestLockResult.txt",
			);
			runOnlyForDeploymentPostprocessing = 0;
			shellPath = /bin/sh;
			shellScript = "diff \"${PODS_PODFILE_DIR_PATH}/Podfile.lock\" \"${PODS_ROOT}/Manifest.lock\" > /dev/null\nif [ $? != 0 ] ; then\n    # print error to STDERR\n    echo \"error: The sandbox is not in sync with the Podfile.lock. Run 'pod install' or update your CocoaPods installation.\" >&2\n    exit 1\nfi\n# This output is used by Xcode 'outputs' to avoid re-running this script phase.\necho \"SUCCESS\" > \"${SCRIPT_OUTPUT_FILE_0}\"\n";
			showEnvVarsInLog = 0;
		};
		9A4F0C3D12990E56174EDB97 /* [CP] Check Pods Manifest.lock */ = {
			isa = PBXShellScriptBuildPhase;
			buildActionMask = 2147483647;
			files = (
			);
			inputFileListPaths = (
			);
			inputPaths = (
				"${PODS_PODFILE_DIR_PATH}/Podfile.lock",
				"${PODS_ROOT}/Manifest.lock",
			);
			name = "[CP] Check Pods Manifest.lock";
			outputFileListPaths = (
			);
			outputPaths = (
				"$(DERIVED_FILE_DIR)/Pods-water-daysUITests-checkManifestLockResult.txt",
			);
			runOnlyForDeploymentPostprocessing = 0;
			shellPath = /bin/sh;
			shellScript = "diff \"${PODS_PODFILE_DIR_PATH}/Podfile.lock\" \"${PODS_ROOT}/Manifest.lock\" > /dev/null\nif [ $? != 0 ] ; then\n    # print error to STDERR\n    echo \"error: The sandbox is not in sync with the Podfile.lock. Run 'pod install' or update your CocoaPods installation.\" >&2\n    exit 1\nfi\n# This output is used by Xcode 'outputs' to avoid re-running this script phase.\necho \"SUCCESS\" > \"${SCRIPT_OUTPUT_FILE_0}\"\n";
			showEnvVarsInLog = 0;
		};
		9C91E49E2206C3C60021E1BC /* ShellScript */ = {
			isa = PBXShellScriptBuildPhase;
			buildActionMask = 2147483647;
			files = (
			);
			inputFileListPaths = (
			);
			inputPaths = (
			);
			outputFileListPaths = (
			);
			outputPaths = (
			);
			runOnlyForDeploymentPostprocessing = 0;
			shellPath = /bin/sh;
			shellScript = "if which \"${PODS_ROOT}/SwiftLint/swiftlint\" >/dev/null; then\n${PODS_ROOT}/SwiftLint/swiftlint\nelse\necho \"warning: SwiftLint not installed, download from https://github.com/realm/SwiftLint\"\nfi\n";
		};
		B60610DD47721F4090487348 /* [CP] Embed Pods Frameworks */ = {
			isa = PBXShellScriptBuildPhase;
			buildActionMask = 2147483647;
			files = (
			);
			inputFileListPaths = (
			);
			inputPaths = (
				"${PODS_ROOT}/Target Support Files/Pods-water-days/Pods-water-days-frameworks.sh",
				"${BUILT_PRODUCTS_DIR}/BAFluidView/BAFluidView.framework",
				"${BUILT_PRODUCTS_DIR}/RxAtomic/RxAtomic.framework",
				"${BUILT_PRODUCTS_DIR}/RxCocoa/RxCocoa.framework",
				"${BUILT_PRODUCTS_DIR}/RxSwift/RxSwift.framework",
			);
			name = "[CP] Embed Pods Frameworks";
			outputFileListPaths = (
			);
			outputPaths = (
				"${TARGET_BUILD_DIR}/${FRAMEWORKS_FOLDER_PATH}/BAFluidView.framework",
				"${TARGET_BUILD_DIR}/${FRAMEWORKS_FOLDER_PATH}/RxAtomic.framework",
				"${TARGET_BUILD_DIR}/${FRAMEWORKS_FOLDER_PATH}/RxCocoa.framework",
				"${TARGET_BUILD_DIR}/${FRAMEWORKS_FOLDER_PATH}/RxSwift.framework",
			);
			runOnlyForDeploymentPostprocessing = 0;
			shellPath = /bin/sh;
			shellScript = "\"${PODS_ROOT}/Target Support Files/Pods-water-days/Pods-water-days-frameworks.sh\"\n";
			showEnvVarsInLog = 0;
		};
		FE2B1A9A90271EA7BB8E38D5 /* [CP] Check Pods Manifest.lock */ = {
			isa = PBXShellScriptBuildPhase;
			buildActionMask = 2147483647;
			files = (
			);
			inputFileListPaths = (
			);
			inputPaths = (
				"${PODS_PODFILE_DIR_PATH}/Podfile.lock",
				"${PODS_ROOT}/Manifest.lock",
			);
			name = "[CP] Check Pods Manifest.lock";
			outputFileListPaths = (
			);
			outputPaths = (
				"$(DERIVED_FILE_DIR)/Pods-water-daysTests-checkManifestLockResult.txt",
			);
			runOnlyForDeploymentPostprocessing = 0;
			shellPath = /bin/sh;
			shellScript = "diff \"${PODS_PODFILE_DIR_PATH}/Podfile.lock\" \"${PODS_ROOT}/Manifest.lock\" > /dev/null\nif [ $? != 0 ] ; then\n    # print error to STDERR\n    echo \"error: The sandbox is not in sync with the Podfile.lock. Run 'pod install' or update your CocoaPods installation.\" >&2\n    exit 1\nfi\n# This output is used by Xcode 'outputs' to avoid re-running this script phase.\necho \"SUCCESS\" > \"${SCRIPT_OUTPUT_FILE_0}\"\n";
			showEnvVarsInLog = 0;
		};
/* End PBXShellScriptBuildPhase section */

/* Begin PBXSourcesBuildPhase section */
		9C958DFF2205A7580020C407 /* Sources */ = {
			isa = PBXSourcesBuildPhase;
			buildActionMask = 2147483647;
			files = (
				9C958E092205A7580020C407 /* HomeViewController.swift in Sources */,
				9C958E072205A7580020C407 /* AppDelegate.swift in Sources */,
			);
			runOnlyForDeploymentPostprocessing = 0;
		};
		9C958E132205A75C0020C407 /* Sources */ = {
			isa = PBXSourcesBuildPhase;
			buildActionMask = 2147483647;
			files = (
				9C958E1C2205A75C0020C407 /* water_daysTests.swift in Sources */,
			);
			runOnlyForDeploymentPostprocessing = 0;
		};
		9C958E1E2205A75C0020C407 /* Sources */ = {
			isa = PBXSourcesBuildPhase;
			buildActionMask = 2147483647;
			files = (
				9C958E272205A75C0020C407 /* water_daysUITests.swift in Sources */,
			);
			runOnlyForDeploymentPostprocessing = 0;
		};
/* End PBXSourcesBuildPhase section */

/* Begin PBXTargetDependency section */
		9C958E192205A75C0020C407 /* PBXTargetDependency */ = {
			isa = PBXTargetDependency;
			target = 9C958E022205A7580020C407 /* water-days */;
			targetProxy = 9C958E182205A75C0020C407 /* PBXContainerItemProxy */;
		};
		9C958E242205A75C0020C407 /* PBXTargetDependency */ = {
			isa = PBXTargetDependency;
			target = 9C958E022205A7580020C407 /* water-days */;
			targetProxy = 9C958E232205A75C0020C407 /* PBXContainerItemProxy */;
		};
/* End PBXTargetDependency section */

/* Begin PBXVariantGroup section */
		9C958E0A2205A7580020C407 /* HomeViewController.storyboard */ = {
			isa = PBXVariantGroup;
			children = (
				9C958E0B2205A7580020C407 /* Base */,
			);
			name = HomeViewController.storyboard;
			sourceTree = "<group>";
		};
		9C958E0F2205A75C0020C407 /* LaunchScreen.storyboard */ = {
			isa = PBXVariantGroup;
			children = (
				9C958E102205A75C0020C407 /* Base */,
			);
			name = LaunchScreen.storyboard;
			sourceTree = "<group>";
		};
/* End PBXVariantGroup section */

/* Begin XCBuildConfiguration section */
		9C958E292205A75C0020C407 /* Debug */ = {
			isa = XCBuildConfiguration;
			buildSettings = {
				ALWAYS_SEARCH_USER_PATHS = NO;
				CLANG_ANALYZER_NONNULL = YES;
				CLANG_ANALYZER_NUMBER_OBJECT_CONVERSION = YES_AGGRESSIVE;
				CLANG_CXX_LANGUAGE_STANDARD = "gnu++14";
				CLANG_CXX_LIBRARY = "libc++";
				CLANG_ENABLE_MODULES = YES;
				CLANG_ENABLE_OBJC_ARC = YES;
				CLANG_ENABLE_OBJC_WEAK = YES;
				CLANG_WARN_BLOCK_CAPTURE_AUTORELEASING = YES;
				CLANG_WARN_BOOL_CONVERSION = YES;
				CLANG_WARN_COMMA = YES;
				CLANG_WARN_CONSTANT_CONVERSION = YES;
				CLANG_WARN_DEPRECATED_OBJC_IMPLEMENTATIONS = YES;
				CLANG_WARN_DIRECT_OBJC_ISA_USAGE = YES_ERROR;
				CLANG_WARN_DOCUMENTATION_COMMENTS = YES;
				CLANG_WARN_EMPTY_BODY = YES;
				CLANG_WARN_ENUM_CONVERSION = YES;
				CLANG_WARN_INFINITE_RECURSION = YES;
				CLANG_WARN_INT_CONVERSION = YES;
				CLANG_WARN_NON_LITERAL_NULL_CONVERSION = YES;
				CLANG_WARN_OBJC_IMPLICIT_RETAIN_SELF = YES;
				CLANG_WARN_OBJC_LITERAL_CONVERSION = YES;
				CLANG_WARN_OBJC_ROOT_CLASS = YES_ERROR;
				CLANG_WARN_RANGE_LOOP_ANALYSIS = YES;
				CLANG_WARN_STRICT_PROTOTYPES = YES;
				CLANG_WARN_SUSPICIOUS_MOVE = YES;
				CLANG_WARN_UNGUARDED_AVAILABILITY = YES_AGGRESSIVE;
				CLANG_WARN_UNREACHABLE_CODE = YES;
				CLANG_WARN__DUPLICATE_METHOD_MATCH = YES;
				CODE_SIGN_IDENTITY = "iPhone Developer";
				COPY_PHASE_STRIP = NO;
				DEBUG_INFORMATION_FORMAT = dwarf;
				ENABLE_STRICT_OBJC_MSGSEND = YES;
				ENABLE_TESTABILITY = YES;
				GCC_C_LANGUAGE_STANDARD = gnu11;
				GCC_DYNAMIC_NO_PIC = NO;
				GCC_NO_COMMON_BLOCKS = YES;
				GCC_OPTIMIZATION_LEVEL = 0;
				GCC_PREPROCESSOR_DEFINITIONS = (
					"DEBUG=1",
					"$(inherited)",
				);
				GCC_WARN_64_TO_32_BIT_CONVERSION = YES;
				GCC_WARN_ABOUT_RETURN_TYPE = YES_ERROR;
				GCC_WARN_UNDECLARED_SELECTOR = YES;
				GCC_WARN_UNINITIALIZED_AUTOS = YES_AGGRESSIVE;
				GCC_WARN_UNUSED_FUNCTION = YES;
				GCC_WARN_UNUSED_VARIABLE = YES;
				IPHONEOS_DEPLOYMENT_TARGET = 12.1;
				MTL_ENABLE_DEBUG_INFO = INCLUDE_SOURCE;
				MTL_FAST_MATH = YES;
				ONLY_ACTIVE_ARCH = YES;
				SDKROOT = iphoneos;
				SWIFT_ACTIVE_COMPILATION_CONDITIONS = DEBUG;
				SWIFT_OPTIMIZATION_LEVEL = "-Onone";
			};
			name = Debug;
		};
		9C958E2A2205A75C0020C407 /* Release */ = {
			isa = XCBuildConfiguration;
			buildSettings = {
				ALWAYS_SEARCH_USER_PATHS = NO;
				CLANG_ANALYZER_NONNULL = YES;
				CLANG_ANALYZER_NUMBER_OBJECT_CONVERSION = YES_AGGRESSIVE;
				CLANG_CXX_LANGUAGE_STANDARD = "gnu++14";
				CLANG_CXX_LIBRARY = "libc++";
				CLANG_ENABLE_MODULES = YES;
				CLANG_ENABLE_OBJC_ARC = YES;
				CLANG_ENABLE_OBJC_WEAK = YES;
				CLANG_WARN_BLOCK_CAPTURE_AUTORELEASING = YES;
				CLANG_WARN_BOOL_CONVERSION = YES;
				CLANG_WARN_COMMA = YES;
				CLANG_WARN_CONSTANT_CONVERSION = YES;
				CLANG_WARN_DEPRECATED_OBJC_IMPLEMENTATIONS = YES;
				CLANG_WARN_DIRECT_OBJC_ISA_USAGE = YES_ERROR;
				CLANG_WARN_DOCUMENTATION_COMMENTS = YES;
				CLANG_WARN_EMPTY_BODY = YES;
				CLANG_WARN_ENUM_CONVERSION = YES;
				CLANG_WARN_INFINITE_RECURSION = YES;
				CLANG_WARN_INT_CONVERSION = YES;
				CLANG_WARN_NON_LITERAL_NULL_CONVERSION = YES;
				CLANG_WARN_OBJC_IMPLICIT_RETAIN_SELF = YES;
				CLANG_WARN_OBJC_LITERAL_CONVERSION = YES;
				CLANG_WARN_OBJC_ROOT_CLASS = YES_ERROR;
				CLANG_WARN_RANGE_LOOP_ANALYSIS = YES;
				CLANG_WARN_STRICT_PROTOTYPES = YES;
				CLANG_WARN_SUSPICIOUS_MOVE = YES;
				CLANG_WARN_UNGUARDED_AVAILABILITY = YES_AGGRESSIVE;
				CLANG_WARN_UNREACHABLE_CODE = YES;
				CLANG_WARN__DUPLICATE_METHOD_MATCH = YES;
				CODE_SIGN_IDENTITY = "iPhone Developer";
				COPY_PHASE_STRIP = NO;
				DEBUG_INFORMATION_FORMAT = "dwarf-with-dsym";
				ENABLE_NS_ASSERTIONS = NO;
				ENABLE_STRICT_OBJC_MSGSEND = YES;
				GCC_C_LANGUAGE_STANDARD = gnu11;
				GCC_NO_COMMON_BLOCKS = YES;
				GCC_WARN_64_TO_32_BIT_CONVERSION = YES;
				GCC_WARN_ABOUT_RETURN_TYPE = YES_ERROR;
				GCC_WARN_UNDECLARED_SELECTOR = YES;
				GCC_WARN_UNINITIALIZED_AUTOS = YES_AGGRESSIVE;
				GCC_WARN_UNUSED_FUNCTION = YES;
				GCC_WARN_UNUSED_VARIABLE = YES;
				IPHONEOS_DEPLOYMENT_TARGET = 12.1;
				MTL_ENABLE_DEBUG_INFO = NO;
				MTL_FAST_MATH = YES;
				SDKROOT = iphoneos;
				SWIFT_COMPILATION_MODE = wholemodule;
				SWIFT_OPTIMIZATION_LEVEL = "-O";
				VALIDATE_PRODUCT = YES;
			};
			name = Release;
		};
		9C958E2C2205A75C0020C407 /* Debug */ = {
			isa = XCBuildConfiguration;
			baseConfigurationReference = 0AA3D3D61C4002F22A027BFC /* Pods-water-days.debug.xcconfig */;
			buildSettings = {
				ASSETCATALOG_COMPILER_APPICON_NAME = AppIcon;
				CODE_SIGN_STYLE = Automatic;
				DEVELOPMENT_TEAM = PBN8C4YU6Q;
				INFOPLIST_FILE = "water-days/Info.plist";
				LD_RUNPATH_SEARCH_PATHS = (
					"$(inherited)",
					"@executable_path/Frameworks",
				);
				PRODUCT_BUNDLE_IDENTIFIER = "sekimaki.water-days";
				PRODUCT_NAME = "$(TARGET_NAME)";
				SWIFT_VERSION = 4.2;
				TARGETED_DEVICE_FAMILY = "1,2";
			};
			name = Debug;
		};
		9C958E2D2205A75C0020C407 /* Release */ = {
			isa = XCBuildConfiguration;
			baseConfigurationReference = 66856C4D0044DC598D2AFCEF /* Pods-water-days.release.xcconfig */;
			buildSettings = {
				ASSETCATALOG_COMPILER_APPICON_NAME = AppIcon;
				CODE_SIGN_STYLE = Automatic;
				DEVELOPMENT_TEAM = PBN8C4YU6Q;
				INFOPLIST_FILE = "water-days/Info.plist";
				LD_RUNPATH_SEARCH_PATHS = (
					"$(inherited)",
					"@executable_path/Frameworks",
				);
				PRODUCT_BUNDLE_IDENTIFIER = "sekimaki.water-days";
				PRODUCT_NAME = "$(TARGET_NAME)";
				SWIFT_VERSION = 4.2;
				TARGETED_DEVICE_FAMILY = "1,2";
			};
			name = Release;
		};
		9C958E2F2205A75C0020C407 /* Debug */ = {
			isa = XCBuildConfiguration;
			baseConfigurationReference = 5B8F754065079F7F22C86743 /* Pods-water-daysTests.debug.xcconfig */;
			buildSettings = {
				ALWAYS_EMBED_SWIFT_STANDARD_LIBRARIES = YES;
				BUNDLE_LOADER = "$(TEST_HOST)";
				CODE_SIGN_STYLE = Automatic;
				DEVELOPMENT_TEAM = PBN8C4YU6Q;
				INFOPLIST_FILE = "water-daysTests/Info.plist";
				LD_RUNPATH_SEARCH_PATHS = (
					"$(inherited)",
					"@executable_path/Frameworks",
					"@loader_path/Frameworks",
				);
				PRODUCT_BUNDLE_IDENTIFIER = "sekimaki.water-daysTests";
				PRODUCT_NAME = "$(TARGET_NAME)";
				SWIFT_VERSION = 4.2;
				TARGETED_DEVICE_FAMILY = "1,2";
				TEST_HOST = "$(BUILT_PRODUCTS_DIR)/water-days.app/water-days";
			};
			name = Debug;
		};
		9C958E302205A75C0020C407 /* Release */ = {
			isa = XCBuildConfiguration;
			baseConfigurationReference = D39300CD4F23185266D34EE4 /* Pods-water-daysTests.release.xcconfig */;
			buildSettings = {
				ALWAYS_EMBED_SWIFT_STANDARD_LIBRARIES = YES;
				BUNDLE_LOADER = "$(TEST_HOST)";
				CODE_SIGN_STYLE = Automatic;
				DEVELOPMENT_TEAM = PBN8C4YU6Q;
				INFOPLIST_FILE = "water-daysTests/Info.plist";
				LD_RUNPATH_SEARCH_PATHS = (
					"$(inherited)",
					"@executable_path/Frameworks",
					"@loader_path/Frameworks",
				);
				PRODUCT_BUNDLE_IDENTIFIER = "sekimaki.water-daysTests";
				PRODUCT_NAME = "$(TARGET_NAME)";
				SWIFT_VERSION = 4.2;
				TARGETED_DEVICE_FAMILY = "1,2";
				TEST_HOST = "$(BUILT_PRODUCTS_DIR)/water-days.app/water-days";
			};
			name = Release;
		};
		9C958E322205A75C0020C407 /* Debug */ = {
			isa = XCBuildConfiguration;
			baseConfigurationReference = 29EF8BE88CEB641D7A857551 /* Pods-water-daysUITests.debug.xcconfig */;
			buildSettings = {
				ALWAYS_EMBED_SWIFT_STANDARD_LIBRARIES = YES;
				CODE_SIGN_STYLE = Automatic;
				DEVELOPMENT_TEAM = PBN8C4YU6Q;
				INFOPLIST_FILE = "water-daysUITests/Info.plist";
				LD_RUNPATH_SEARCH_PATHS = (
					"$(inherited)",
					"@executable_path/Frameworks",
					"@loader_path/Frameworks",
				);
				PRODUCT_BUNDLE_IDENTIFIER = "sekimaki.water-daysUITests";
				PRODUCT_NAME = "$(TARGET_NAME)";
				SWIFT_VERSION = 4.2;
				TARGETED_DEVICE_FAMILY = "1,2";
				TEST_TARGET_NAME = "water-days";
			};
			name = Debug;
		};
		9C958E332205A75C0020C407 /* Release */ = {
			isa = XCBuildConfiguration;
			baseConfigurationReference = 5809CB9E09880D440C371EF8 /* Pods-water-daysUITests.release.xcconfig */;
			buildSettings = {
				ALWAYS_EMBED_SWIFT_STANDARD_LIBRARIES = YES;
				CODE_SIGN_STYLE = Automatic;
				DEVELOPMENT_TEAM = PBN8C4YU6Q;
				INFOPLIST_FILE = "water-daysUITests/Info.plist";
				LD_RUNPATH_SEARCH_PATHS = (
					"$(inherited)",
					"@executable_path/Frameworks",
					"@loader_path/Frameworks",
				);
				PRODUCT_BUNDLE_IDENTIFIER = "sekimaki.water-daysUITests";
				PRODUCT_NAME = "$(TARGET_NAME)";
				SWIFT_VERSION = 4.2;
				TARGETED_DEVICE_FAMILY = "1,2";
				TEST_TARGET_NAME = "water-days";
			};
			name = Release;
		};
/* End XCBuildConfiguration section */

/* Begin XCConfigurationList section */
		9C958DFE2205A7580020C407 /* Build configuration list for PBXProject "water-days" */ = {
			isa = XCConfigurationList;
			buildConfigurations = (
				9C958E292205A75C0020C407 /* Debug */,
				9C958E2A2205A75C0020C407 /* Release */,
			);
			defaultConfigurationIsVisible = 0;
			defaultConfigurationName = Release;
		};
		9C958E2B2205A75C0020C407 /* Build configuration list for PBXNativeTarget "water-days" */ = {
			isa = XCConfigurationList;
			buildConfigurations = (
				9C958E2C2205A75C0020C407 /* Debug */,
				9C958E2D2205A75C0020C407 /* Release */,
			);
			defaultConfigurationIsVisible = 0;
			defaultConfigurationName = Release;
		};
		9C958E2E2205A75C0020C407 /* Build configuration list for PBXNativeTarget "water-daysTests" */ = {
			isa = XCConfigurationList;
			buildConfigurations = (
				9C958E2F2205A75C0020C407 /* Debug */,
				9C958E302205A75C0020C407 /* Release */,
			);
			defaultConfigurationIsVisible = 0;
			defaultConfigurationName = Release;
		};
		9C958E312205A75C0020C407 /* Build configuration list for PBXNativeTarget "water-daysUITests" */ = {
			isa = XCConfigurationList;
			buildConfigurations = (
				9C958E322205A75C0020C407 /* Debug */,
				9C958E332205A75C0020C407 /* Release */,
			);
			defaultConfigurationIsVisible = 0;
			defaultConfigurationName = Release;
		};
/* End XCConfigurationList section */
	};
	rootObject = 9C958DFB2205A7580020C407 /* Project object */;
}
